// !$*UTF8*$!
{
	archiveVersion = 1;
	classes = {
	};
	objectVersion = 48;
	objects = {

/* Begin PBXBuildFile section */
		F8C6F5E11FF34158009F8244 /* AppDelegate.m in Sources */ = {isa = PBXBuildFile; fileRef = F8C6F5E01FF34158009F8244 /* AppDelegate.m */; };
		F8C6F5E41FF34158009F8244 /* ViewController.m in Sources */ = {isa = PBXBuildFile; fileRef = F8C6F5E31FF34158009F8244 /* ViewController.m */; };
		F8C6F5E71FF34158009F8244 /* Main.storyboard in Resources */ = {isa = PBXBuildFile; fileRef = F8C6F5E51FF34158009F8244 /* Main.storyboard */; };
		F8C6F5E91FF34158009F8244 /* Assets.xcassets in Resources */ = {isa = PBXBuildFile; fileRef = F8C6F5E81FF34158009F8244 /* Assets.xcassets */; };
		F8C6F5EC1FF34158009F8244 /* LaunchScreen.storyboard in Resources */ = {isa = PBXBuildFile; fileRef = F8C6F5EA1FF34158009F8244 /* LaunchScreen.storyboard */; };
		F8C6F5EF1FF34158009F8244 /* main.m in Sources */ = {isa = PBXBuildFile; fileRef = F8C6F5EE1FF34158009F8244 /* main.m */; };
		F8C6F5F91FF34158009F8244 /* TrainingDesignPatternsTests.m in Sources */ = {isa = PBXBuildFile; fileRef = F8C6F5F81FF34158009F8244 /* TrainingDesignPatternsTests.m */; };
		F8C6F6041FF34158009F8244 /* TrainingDesignPatternsUITests.m in Sources */ = {isa = PBXBuildFile; fileRef = F8C6F6031FF34158009F8244 /* TrainingDesignPatternsUITests.m */; };
/* End PBXBuildFile section */

/* Begin PBXContainerItemProxy section */
		F8C6F5F51FF34158009F8244 /* PBXContainerItemProxy */ = {
			isa = PBXContainerItemProxy;
			containerPortal = F8C6F5D41FF34158009F8244 /* Project object */;
			proxyType = 1;
			remoteGlobalIDString = F8C6F5DB1FF34158009F8244;
			remoteInfo = TrainingDesignPatterns;
		};
		F8C6F6001FF34158009F8244 /* PBXContainerItemProxy */ = {
			isa = PBXContainerItemProxy;
			containerPortal = F8C6F5D41FF34158009F8244 /* Project object */;
			proxyType = 1;
			remoteGlobalIDString = F8C6F5DB1FF34158009F8244;
			remoteInfo = TrainingDesignPatterns;
		};
/* End PBXContainerItemProxy section */

/* Begin PBXFileReference section */
		F8C6F5DC1FF34158009F8244 /* TrainingDesignPatterns.app */ = {isa = PBXFileReference; explicitFileType = wrapper.application; includeInIndex = 0; path = TrainingDesignPatterns.app; sourceTree = BUILT_PRODUCTS_DIR; };
		F8C6F5DF1FF34158009F8244 /* AppDelegate.h */ = {isa = PBXFileReference; lastKnownFileType = sourcecode.c.h; path = AppDelegate.h; sourceTree = "<group>"; };
		F8C6F5E01FF34158009F8244 /* AppDelegate.m */ = {isa = PBXFileReference; lastKnownFileType = sourcecode.c.objc; path = AppDelegate.m; sourceTree = "<group>"; };
		F8C6F5E21FF34158009F8244 /* ViewController.h */ = {isa = PBXFileReference; lastKnownFileType = sourcecode.c.h; path = ViewController.h; sourceTree = "<group>"; };
		F8C6F5E31FF34158009F8244 /* ViewController.m */ = {isa = PBXFileReference; lastKnownFileType = sourcecode.c.objc; path = ViewController.m; sourceTree = "<group>"; };
		F8C6F5E61FF34158009F8244 /* Base */ = {isa = PBXFileReference; lastKnownFileType = file.storyboard; name = Base; path = Base.lproj/Main.storyboard; sourceTree = "<group>"; };
		F8C6F5E81FF34158009F8244 /* Assets.xcassets */ = {isa = PBXFileReference; lastKnownFileType = folder.assetcatalog; path = Assets.xcassets; sourceTree = "<group>"; };
		F8C6F5EB1FF34158009F8244 /* Base */ = {isa = PBXFileReference; lastKnownFileType = file.storyboard; name = Base; path = Base.lproj/LaunchScreen.storyboard; sourceTree = "<group>"; };
		F8C6F5ED1FF34158009F8244 /* Info.plist */ = {isa = PBXFileReference; lastKnownFileType = text.plist.xml; path = Info.plist; sourceTree = "<group>"; };
		F8C6F5EE1FF34158009F8244 /* main.m */ = {isa = PBXFileReference; lastKnownFileType = sourcecode.c.objc; path = main.m; sourceTree = "<group>"; };
		F8C6F5F41FF34158009F8244 /* TrainingDesignPatternsTests.xctest */ = {isa = PBXFileReference; explicitFileType = wrapper.cfbundle; includeInIndex = 0; path = TrainingDesignPatternsTests.xctest; sourceTree = BUILT_PRODUCTS_DIR; };
		F8C6F5F81FF34158009F8244 /* TrainingDesignPatternsTests.m */ = {isa = PBXFileReference; lastKnownFileType = sourcecode.c.objc; path = TrainingDesignPatternsTests.m; sourceTree = "<group>"; };
		F8C6F5FA1FF34158009F8244 /* Info.plist */ = {isa = PBXFileReference; lastKnownFileType = text.plist.xml; path = Info.plist; sourceTree = "<group>"; };
		F8C6F5FF1FF34158009F8244 /* TrainingDesignPatternsUITests.xctest */ = {isa = PBXFileReference; explicitFileType = wrapper.cfbundle; includeInIndex = 0; path = TrainingDesignPatternsUITests.xctest; sourceTree = BUILT_PRODUCTS_DIR; };
		F8C6F6031FF34158009F8244 /* TrainingDesignPatternsUITests.m */ = {isa = PBXFileReference; lastKnownFileType = sourcecode.c.objc; path = TrainingDesignPatternsUITests.m; sourceTree = "<group>"; };
		F8C6F6051FF34158009F8244 /* Info.plist */ = {isa = PBXFileReference; lastKnownFileType = text.plist.xml; path = Info.plist; sourceTree = "<group>"; };
/* End PBXFileReference section */

/* Begin PBXFrameworksBuildPhase section */
		F8C6F5D91FF34158009F8244 /* Frameworks */ = {
			isa = PBXFrameworksBuildPhase;
			buildActionMask = 2147483647;
			files = (
			);
			runOnlyForDeploymentPostprocessing = 0;
		};
		F8C6F5F11FF34158009F8244 /* Frameworks */ = {
			isa = PBXFrameworksBuildPhase;
			buildActionMask = 2147483647;
			files = (
			);
			runOnlyForDeploymentPostprocessing = 0;
		};
		F8C6F5FC1FF34158009F8244 /* Frameworks */ = {
			isa = PBXFrameworksBuildPhase;
			buildActionMask = 2147483647;
			files = (
			);
			runOnlyForDeploymentPostprocessing = 0;
		};
/* End PBXFrameworksBuildPhase section */

/* Begin PBXGroup section */
		F8C6F5D31FF34158009F8244 = {
			isa = PBXGroup;
			children = (
				F8C6F5DE1FF34158009F8244 /* TrainingDesignPatterns */,
				F8C6F5F71FF34158009F8244 /* TrainingDesignPatternsTests */,
				F8C6F6021FF34158009F8244 /* TrainingDesignPatternsUITests */,
				F8C6F5DD1FF34158009F8244 /* Products */,
			);
			sourceTree = "<group>";
		};
		F8C6F5DD1FF34158009F8244 /* Products */ = {
			isa = PBXGroup;
			children = (
				F8C6F5DC1FF34158009F8244 /* TrainingDesignPatterns.app */,
				F8C6F5F41FF34158009F8244 /* TrainingDesignPatternsTests.xctest */,
				F8C6F5FF1FF34158009F8244 /* TrainingDesignPatternsUITests.xctest */,
			);
			name = Products;
			sourceTree = "<group>";
		};
		F8C6F5DE1FF34158009F8244 /* TrainingDesignPatterns */ = {
			isa = PBXGroup;
			children = (
				F8C6F5DF1FF34158009F8244 /* AppDelegate.h */,
				F8C6F5E01FF34158009F8244 /* AppDelegate.m */,
				F8C6F5E21FF34158009F8244 /* ViewController.h */,
				F8C6F5E31FF34158009F8244 /* ViewController.m */,
				F8C6F5E51FF34158009F8244 /* Main.storyboard */,
				F8C6F5E81FF34158009F8244 /* Assets.xcassets */,
				F8C6F5EA1FF34158009F8244 /* LaunchScreen.storyboard */,
				F8C6F5ED1FF34158009F8244 /* Info.plist */,
				F8C6F5EE1FF34158009F8244 /* main.m */,
			);
			path = TrainingDesignPatterns;
			sourceTree = "<group>";
		};
		F8C6F5F71FF34158009F8244 /* TrainingDesignPatternsTests */ = {
			isa = PBXGroup;
			children = (
				F8C6F5F81FF34158009F8244 /* TrainingDesignPatternsTests.m */,
				F8C6F5FA1FF34158009F8244 /* Info.plist */,
			);
			path = TrainingDesignPatternsTests;
			sourceTree = "<group>";
		};
		F8C6F6021FF34158009F8244 /* TrainingDesignPatternsUITests */ = {
			isa = PBXGroup;
			children = (
				F8C6F6031FF34158009F8244 /* TrainingDesignPatternsUITests.m */,
				F8C6F6051FF34158009F8244 /* Info.plist */,
			);
			path = TrainingDesignPatternsUITests;
			sourceTree = "<group>";
		};
/* End PBXGroup section */

/* Begin PBXNativeTarget section */
		F8C6F5DB1FF34158009F8244 /* TrainingDesignPatterns */ = {
			isa = PBXNativeTarget;
			buildConfigurationList = F8C6F6081FF34158009F8244 /* Build configuration list for PBXNativeTarget "TrainingDesignPatterns" */;
			buildPhases = (
				F8C6F5D81FF34158009F8244 /* Sources */,
				F8C6F5D91FF34158009F8244 /* Frameworks */,
				F8C6F5DA1FF34158009F8244 /* Resources */,
			);
			buildRules = (
			);
			dependencies = (
			);
			name = TrainingDesignPatterns;
			productName = TrainingDesignPatterns;
			productReference = F8C6F5DC1FF34158009F8244 /* TrainingDesignPatterns.app */;
			productType = "com.apple.product-type.application";
		};
		F8C6F5F31FF34158009F8244 /* TrainingDesignPatternsTests */ = {
			isa = PBXNativeTarget;
			buildConfigurationList = F8C6F60B1FF34158009F8244 /* Build configuration list for PBXNativeTarget "TrainingDesignPatternsTests" */;
			buildPhases = (
				F8C6F5F01FF34158009F8244 /* Sources */,
				F8C6F5F11FF34158009F8244 /* Frameworks */,
				F8C6F5F21FF34158009F8244 /* Resources */,
			);
			buildRules = (
			);
			dependencies = (
				F8C6F5F61FF34158009F8244 /* PBXTargetDependency */,
			);
			name = TrainingDesignPatternsTests;
			productName = TrainingDesignPatternsTests;
			productReference = F8C6F5F41FF34158009F8244 /* TrainingDesignPatternsTests.xctest */;
			productType = "com.apple.product-type.bundle.unit-test";
		};
		F8C6F5FE1FF34158009F8244 /* TrainingDesignPatternsUITests */ = {
			isa = PBXNativeTarget;
			buildConfigurationList = F8C6F60E1FF34158009F8244 /* Build configuration list for PBXNativeTarget "TrainingDesignPatternsUITests" */;
			buildPhases = (
				F8C6F5FB1FF34158009F8244 /* Sources */,
				F8C6F5FC1FF34158009F8244 /* Frameworks */,
				F8C6F5FD1FF34158009F8244 /* Resources */,
			);
			buildRules = (
			);
			dependencies = (
				F8C6F6011FF34158009F8244 /* PBXTargetDependency */,
			);
			name = TrainingDesignPatternsUITests;
			productName = TrainingDesignPatternsUITests;
			productReference = F8C6F5FF1FF34158009F8244 /* TrainingDesignPatternsUITests.xctest */;
			productType = "com.apple.product-type.bundle.ui-testing";
		};
/* End PBXNativeTarget section */

/* Begin PBXProject section */
		F8C6F5D41FF34158009F8244 /* Project object */ = {
			isa = PBXProject;
			attributes = {
				LastUpgradeCheck = 0920;
				ORGANIZATIONNAME = wxd;
				TargetAttributes = {
					F8C6F5DB1FF34158009F8244 = {
						CreatedOnToolsVersion = 9.2;
						ProvisioningStyle = Automatic;
					};
					F8C6F5F31FF34158009F8244 = {
						CreatedOnToolsVersion = 9.2;
						ProvisioningStyle = Automatic;
						TestTargetID = F8C6F5DB1FF34158009F8244;
					};
					F8C6F5FE1FF34158009F8244 = {
						CreatedOnToolsVersion = 9.2;
						ProvisioningStyle = Automatic;
						TestTargetID = F8C6F5DB1FF34158009F8244;
					};
				};
			};
			buildConfigurationList = F8C6F5D71FF34158009F8244 /* Build configuration list for PBXProject "TrainingDesignPatterns" */;
			compatibilityVersion = "Xcode 8.0";
			developmentRegion = en;
			hasScannedForEncodings = 0;
			knownRegions = (
				en,
				Base,
			);
			mainGroup = F8C6F5D31FF34158009F8244;
			productRefGroup = F8C6F5DD1FF34158009F8244 /* Products */;
			projectDirPath = "";
			projectRoot = "";
			targets = (
				F8C6F5DB1FF34158009F8244 /* TrainingDesignPatterns */,
				F8C6F5F31FF34158009F8244 /* TrainingDesignPatternsTests */,
				F8C6F5FE1FF34158009F8244 /* TrainingDesignPatternsUITests */,
			);
		};
/* End PBXProject section */

/* Begin PBXResourcesBuildPhase section */
		F8C6F5DA1FF34158009F8244 /* Resources */ = {
			isa = PBXResourcesBuildPhase;
			buildActionMask = 2147483647;
			files = (
				F8C6F5EC1FF34158009F8244 /* LaunchScreen.storyboard in Resources */,
				F8C6F5E91FF34158009F8244 /* Assets.xcassets in Resources */,
				F8C6F5E71FF34158009F8244 /* Main.storyboard in Resources */,
			);
			runOnlyForDeploymentPostprocessing = 0;
		};
		F8C6F5F21FF34158009F8244 /* Resources */ = {
			isa = PBXResourcesBuildPhase;
			buildActionMask = 2147483647;
			files = (
			);
			runOnlyForDeploymentPostprocessing = 0;
		};
		F8C6F5FD1FF34158009F8244 /* Resources */ = {
			isa = PBXResourcesBuildPhase;
			buildActionMask = 2147483647;
			files = (
			);
			runOnlyForDeploymentPostprocessing = 0;
		};
/* End PBXResourcesBuildPhase section */

/* Begin PBXSourcesBuildPhase section */
		F8C6F5D81FF34158009F8244 /* Sources */ = {
			isa = PBXSourcesBuildPhase;
			buildActionMask = 2147483647;
			files = (
				F8C6F5E41FF34158009F8244 /* ViewController.m in Sources */,
				F8C6F5EF1FF34158009F8244 /* main.m in Sources */,
				F8C6F5E11FF34158009F8244 /* AppDelegate.m in Sources */,
			);
			runOnlyForDeploymentPostprocessing = 0;
		};
		F8C6F5F01FF34158009F8244 /* Sources */ = {
			isa = PBXSourcesBuildPhase;
			buildActionMask = 2147483647;
			files = (
				F8C6F5F91FF34158009F8244 /* TrainingDesignPatternsTests.m in Sources */,
			);
			runOnlyForDeploymentPostprocessing = 0;
		};
		F8C6F5FB1FF34158009F8244 /* Sources */ = {
			isa = PBXSourcesBuildPhase;
			buildActionMask = 2147483647;
			files = (
				F8C6F6041FF34158009F8244 /* TrainingDesignPatternsUITests.m in Sources */,
			);
			runOnlyForDeploymentPostprocessing = 0;
		};
/* End PBXSourcesBuildPhase section */

/* Begin PBXTargetDependency section */
		F8C6F5F61FF34158009F8244 /* PBXTargetDependency */ = {
			isa = PBXTargetDependency;
			target = F8C6F5DB1FF34158009F8244 /* TrainingDesignPatterns */;
			targetProxy = F8C6F5F51FF34158009F8244 /* PBXContainerItemProxy */;
		};
		F8C6F6011FF34158009F8244 /* PBXTargetDependency */ = {
			isa = PBXTargetDependency;
			target = F8C6F5DB1FF34158009F8244 /* TrainingDesignPatterns */;
			targetProxy = F8C6F6001FF34158009F8244 /* PBXContainerItemProxy */;
		};
/* End PBXTargetDependency section */

/* Begin PBXVariantGroup section */
		F8C6F5E51FF34158009F8244 /* Main.storyboard */ = {
			isa = PBXVariantGroup;
			children = (
				F8C6F5E61FF34158009F8244 /* Base */,
			);
			name = Main.storyboard;
			sourceTree = "<group>";
		};
		F8C6F5EA1FF34158009F8244 /* LaunchScreen.storyboard */ = {
			isa = PBXVariantGroup;
			children = (
				F8C6F5EB1FF34158009F8244 /* Base */,
			);
			name = LaunchScreen.storyboard;
			sourceTree = "<group>";
		};
/* End PBXVariantGroup section */

/* Begin XCBuildConfiguration section */
		F8C6F6061FF34158009F8244 /* Debug */ = {
			isa = XCBuildConfiguration;
			buildSettings = {
				ALWAYS_SEARCH_USER_PATHS = NO;
				CLANG_ANALYZER_NONNULL = YES;
				CLANG_ANALYZER_NUMBER_OBJECT_CONVERSION = YES_AGGRESSIVE;
				CLANG_CXX_LANGUAGE_STANDARD = "gnu++14";
				CLANG_CXX_LIBRARY = "libc++";
				CLANG_ENABLE_MODULES = YES;
				CLANG_ENABLE_OBJC_ARC = YES;
				CLANG_WARN_BLOCK_CAPTURE_AUTORELEASING = YES;
				CLANG_WARN_BOOL_CONVERSION = YES;
				CLANG_WARN_COMMA = YES;
				CLANG_WARN_CONSTANT_CONVERSION = YES;
				CLANG_WARN_DIRECT_OBJC_ISA_USAGE = YES_ERROR;
				CLANG_WARN_DOCUMENTATION_COMMENTS = YES;
				CLANG_WARN_EMPTY_BODY = YES;
				CLANG_WARN_ENUM_CONVERSION = YES;
				CLANG_WARN_INFINITE_RECURSION = YES;
				CLANG_WARN_INT_CONVERSION = YES;
				CLANG_WARN_NON_LITERAL_NULL_CONVERSION = YES;
				CLANG_WARN_OBJC_LITERAL_CONVERSION = YES;
				CLANG_WARN_OBJC_ROOT_CLASS = YES_ERROR;
				CLANG_WARN_RANGE_LOOP_ANALYSIS = YES;
				CLANG_WARN_STRICT_PROTOTYPES = YES;
				CLANG_WARN_SUSPICIOUS_MOVE = YES;
				CLANG_WARN_UNGUARDED_AVAILABILITY = YES_AGGRESSIVE;
				CLANG_WARN_UNREACHABLE_CODE = YES;
				CLANG_WARN__DUPLICATE_METHOD_MATCH = YES;
				CODE_SIGN_IDENTITY = "iPhone Developer";
				COPY_PHASE_STRIP = NO;
				DEBUG_INFORMATION_FORMAT = dwarf;
				ENABLE_STRICT_OBJC_MSGSEND = YES;
				ENABLE_TESTABILITY = YES;
				GCC_C_LANGUAGE_STANDARD = gnu11;
				GCC_DYNAMIC_NO_PIC = NO;
				GCC_NO_COMMON_BLOCKS = YES;
				GCC_OPTIMIZATION_LEVEL = 0;
				GCC_PREPROCESSOR_DEFINITIONS = (
					"DEBUG=1",
					"$(inherited)",
				);
				GCC_WARN_64_TO_32_BIT_CONVERSION = YES;
				GCC_WARN_ABOUT_RETURN_TYPE = YES_ERROR;
				GCC_WARN_UNDECLARED_SELECTOR = YES;
				GCC_WARN_UNINITIALIZED_AUTOS = YES_AGGRESSIVE;
				GCC_WARN_UNUSED_FUNCTION = YES;
				GCC_WARN_UNUSED_VARIABLE = YES;
				IPHONEOS_DEPLOYMENT_TARGET = 11.2;
				MTL_ENABLE_DEBUG_INFO = YES;
				ONLY_ACTIVE_ARCH = YES;
				SDKROOT = iphoneos;
			};
			name = Debug;
		};
		F8C6F6071FF34158009F8244 /* Release */ = {
			isa = XCBuildConfiguration;
			buildSettings = {
				ALWAYS_SEARCH_USER_PATHS = NO;
				CLANG_ANALYZER_NONNULL = YES;
				CLANG_ANALYZER_NUMBER_OBJECT_CONVERSION = YES_AGGRESSIVE;
				CLANG_CXX_LANGUAGE_STANDARD = "gnu++14";
				CLANG_CXX_LIBRARY = "libc++";
				CLANG_ENABLE_MODULES = YES;
				CLANG_ENABLE_OBJC_ARC = YES;
				CLANG_WARN_BLOCK_CAPTURE_AUTORELEASING = YES;
				CLANG_WARN_BOOL_CONVERSION = YES;
				CLANG_WARN_COMMA = YES;
				CLANG_WARN_CONSTANT_CONVERSION = YES;
				CLANG_WARN_DIRECT_OBJC_ISA_USAGE = YES_ERROR;
				CLANG_WARN_DOCUMENTATION_COMMENTS = YES;
				CLANG_WARN_EMPTY_BODY = YES;
				CLANG_WARN_ENUM_CONVERSION = YES;
				CLANG_WARN_INFINITE_RECURSION = YES;
				CLANG_WARN_INT_CONVERSION = YES;
				CLANG_WARN_NON_LITERAL_NULL_CONVERSION = YES;
				CLANG_WARN_OBJC_LITERAL_CONVERSION = YES;
				CLANG_WARN_OBJC_ROOT_CLASS = YES_ERROR;
				CLANG_WARN_RANGE_LOOP_ANALYSIS = YES;
				CLANG_WARN_STRICT_PROTOTYPES = YES;
				CLANG_WARN_SUSPICIOUS_MOVE = YES;
				CLANG_WARN_UNGUARDED_AVAILABILITY = YES_AGGRESSIVE;
				CLANG_WARN_UNREACHABLE_CODE = YES;
				CLANG_WARN__DUPLICATE_METHOD_MATCH = YES;
				CODE_SIGN_IDENTITY = "iPhone Developer";
				COPY_PHASE_STRIP = NO;
				DEBUG_INFORMATION_FORMAT = "dwarf-with-dsym";
				ENABLE_NS_ASSERTIONS = NO;
				ENABLE_STRICT_OBJC_MSGSEND = YES;
				GCC_C_LANGUAGE_STANDARD = gnu11;
				GCC_NO_COMMON_BLOCKS = YES;
				GCC_WARN_64_TO_32_BIT_CONVERSION = YES;
				GCC_WARN_ABOUT_RETURN_TYPE = YES_ERROR;
				GCC_WARN_UNDECLARED_SELECTOR = YES;
				GCC_WARN_UNINITIALIZED_AUTOS = YES_AGGRESSIVE;
				GCC_WARN_UNUSED_FUNCTION = YES;
				GCC_WARN_UNUSED_VARIABLE = YES;
				IPHONEOS_DEPLOYMENT_TARGET = 11.2;
				MTL_ENABLE_DEBUG_INFO = NO;
				SDKROOT = iphoneos;
				VALIDATE_PRODUCT = YES;
			};
			name = Release;
		};
		F8C6F6091FF34158009F8244 /* Debug */ = {
			isa = XCBuildConfiguration;
			buildSettings = {
				ASSETCATALOG_COMPILER_APPICON_NAME = AppIcon;
				CODE_SIGN_STYLE = Automatic;
				INFOPLIST_FILE = TrainingDesignPatterns/Info.plist;
				LD_RUNPATH_SEARCH_PATHS = "$(inherited) @executable_path/Frameworks";
				PRODUCT_BUNDLE_IDENTIFIER = "persist-in.TrainingDesignPatterns";
				PRODUCT_NAME = "$(TARGET_NAME)";
				TARGETED_DEVICE_FAMILY = "1,2";
			};
			name = Debug;
		};
		F8C6F60A1FF34158009F8244 /* Release */ = {
			isa = XCBuildConfiguration;
			buildSettings = {
				ASSETCATALOG_COMPILER_APPICON_NAME = AppIcon;
				CODE_SIGN_STYLE = Automatic;
				INFOPLIST_FILE = TrainingDesignPatterns/Info.plist;
				LD_RUNPATH_SEARCH_PATHS = "$(inherited) @executable_path/Frameworks";
				PRODUCT_BUNDLE_IDENTIFIER = "persist-in.TrainingDesignPatterns";
				PRODUCT_NAME = "$(TARGET_NAME)";
				TARGETED_DEVICE_FAMILY = "1,2";
			};
			name = Release;
		};
		F8C6F60C1FF34158009F8244 /* Debug */ = {
			isa = XCBuildConfiguration;
			buildSettings = {
				BUNDLE_LOADER = "$(TEST_HOST)";
				CODE_SIGN_STYLE = Automatic;
				INFOPLIST_FILE = TrainingDesignPatternsTests/Info.plist;
				LD_RUNPATH_SEARCH_PATHS = "$(inherited) @executable_path/Frameworks @loader_path/Frameworks";
				PRODUCT_BUNDLE_IDENTIFIER = "persist-in.TrainingDesignPatternsTests";
				PRODUCT_NAME = "$(TARGET_NAME)";
				TARGETED_DEVICE_FAMILY = "1,2";
				TEST_HOST = "$(BUILT_PRODUCTS_DIR)/TrainingDesignPatterns.app/TrainingDesignPatterns";
			};
			name = Debug;
		};
		F8C6F60D1FF34158009F8244 /* Release */ = {
			isa = XCBuildConfiguration;
			buildSettings = {
				BUNDLE_LOADER = "$(TEST_HOST)";
				CODE_SIGN_STYLE = Automatic;
				INFOPLIST_FILE = TrainingDesignPatternsTests/Info.plist;
				LD_RUNPATH_SEARCH_PATHS = "$(inherited) @executable_path/Frameworks @loader_path/Frameworks";
				PRODUCT_BUNDLE_IDENTIFIER = "persist-in.TrainingDesignPatternsTests";
				PRODUCT_NAME = "$(TARGET_NAME)";
				TARGETED_DEVICE_FAMILY = "1,2";
				TEST_HOST = "$(BUILT_PRODUCTS_DIR)/TrainingDesignPatterns.app/TrainingDesignPatterns";
			};
			name = Release;
		};
		F8C6F60F1FF34158009F8244 /* Debug */ = {
			isa = XCBuildConfiguration;
			buildSettings = {
				CODE_SIGN_STYLE = Automatic;
				INFOPLIST_FILE = TrainingDesignPatternsUITests/Info.plist;
				LD_RUNPATH_SEARCH_PATHS = "$(inherited) @executable_path/Frameworks @loader_path/Frameworks";
				PRODUCT_BUNDLE_IDENTIFIER = "persist-in.TrainingDesignPatternsUITests";
				PRODUCT_NAME = "$(TARGET_NAME)";
				TARGETED_DEVICE_FAMILY = "1,2";
				TEST_TARGET_NAME = TrainingDesignPatterns;
			};
			name = Debug;
		};
		F8C6F6101FF34158009F8244 /* Release */ = {
			isa = XCBuildConfiguration;
			buildSettings = {
				CODE_SIGN_STYLE = Automatic;
				INFOPLIST_FILE = TrainingDesignPatternsUITests/Info.plist;
				LD_RUNPATH_SEARCH_PATHS = "$(inherited) @executable_path/Frameworks @loader_path/Frameworks";
				PRODUCT_BUNDLE_IDENTIFIER = "persist-in.TrainingDesignPatternsUITests";
				PRODUCT_NAME = "$(TARGET_NAME)";
				TARGETED_DEVICE_FAMILY = "1,2";
				TEST_TARGET_NAME = TrainingDesignPatterns;
			};
			name = Release;
		};
/* End XCBuildConfiguration section */

/* Begin XCConfigurationList section */
		F8C6F5D71FF34158009F8244 /* Build configuration list for PBXProject "TrainingDesignPatterns" */ = {
			isa = XCConfigurationList;
			buildConfigurations = (
				F8C6F6061FF34158009F8244 /* Debug */,
				F8C6F6071FF34158009F8244 /* Release */,
			);
			defaultConfigurationIsVisible = 0;
			defaultConfigurationName = Release;
		};
		F8C6F6081FF34158009F8244 /* Build configuration list for PBXNativeTarget "TrainingDesignPatterns" */ = {
			isa = XCConfigurationList;
			buildConfigurations = (
				F8C6F6091FF34158009F8244 /* Debug */,
				F8C6F60A1FF34158009F8244 /* Release */,
			);
			defaultConfigurationIsVisible = 0;
			defaultConfigurationName = Release;
		};
		F8C6F60B1FF34158009F8244 /* Build configuration list for PBXNativeTarget "TrainingDesignPatternsTests" */ = {
			isa = XCConfigurationList;
			buildConfigurations = (
				F8C6F60C1FF34158009F8244 /* Debug */,
				F8C6F60D1FF34158009F8244 /* Release */,
			);
			defaultConfigurationIsVisible = 0;
			defaultConfigurationName = Release;
		};
		F8C6F60E1FF34158009F8244 /* Build configuration list for PBXNativeTarget "TrainingDesignPatternsUITests" */ = {
			isa = XCConfigurationList;
			buildConfigurations = (
				F8C6F60F1FF34158009F8244 /* Debug */,
				F8C6F6101FF34158009F8244 /* Release */,
			);
			defaultConfigurationIsVisible = 0;
			defaultConfigurationName = Release;
		};
/* End XCConfigurationList section */
	};
	rootObject = F8C6F5D41FF34158009F8244 /* Project object */;
}
